// !$*UTF8*$!
{
	archiveVersion = 1;
	classes = {
	};
	objectVersion = 50;
	objects = {

/* Begin PBXBuildFile section */
		4947F20520E39991002F8909 /* LObjectMgr.cpp in Sources */ = {isa = PBXBuildFile; fileRef = 4947F20020E39990002F8909 /* LObjectMgr.cpp */; };
		4947F20620E39991002F8909 /* LCharacter.cpp in Sources */ = {isa = PBXBuildFile; fileRef = 4947F20220E39990002F8909 /* LCharacter.cpp */; };
		4947F20720E39991002F8909 /* LClient.cpp in Sources */ = {isa = PBXBuildFile; fileRef = 4947F20420E39990002F8909 /* LClient.cpp */; };
		49FD5EDA20E34C130001802B /* libLEngine.dylib in Frameworks */ = {isa = PBXBuildFile; fileRef = 49FD5ED920E34C130001802B /* libLEngine.dylib */; };
/* End PBXBuildFile section */

/* Begin PBXCopyFilesBuildPhase section */
		49EE970620DA64100071C153 /* CopyFiles */ = {
			isa = PBXCopyFilesBuildPhase;
			buildActionMask = 2147483647;
			dstPath = /usr/share/man/man1/;
			dstSubfolderSpec = 0;
			files = (
			);
			runOnlyForDeploymentPostprocessing = 1;
		};
/* End PBXCopyFilesBuildPhase section */

/* Begin PBXFileReference section */
		4947F1FD20E39990002F8909 /* LClient.h */ = {isa = PBXFileReference; fileEncoding = 4; lastKnownFileType = sourcecode.c.h; path = LClient.h; sourceTree = "<group>"; };
		4947F1FF20E39990002F8909 /* LCharacter.h */ = {isa = PBXFileReference; fileEncoding = 4; lastKnownFileType = sourcecode.c.h; path = LCharacter.h; sourceTree = "<group>"; };
		4947F20020E39990002F8909 /* LObjectMgr.cpp */ = {isa = PBXFileReference; fileEncoding = 4; lastKnownFileType = sourcecode.cpp.cpp; path = LObjectMgr.cpp; sourceTree = "<group>"; };
		4947F20120E39990002F8909 /* LObjectMgr.h */ = {isa = PBXFileReference; fileEncoding = 4; lastKnownFileType = sourcecode.c.h; path = LObjectMgr.h; sourceTree = "<group>"; };
		4947F20220E39990002F8909 /* LCharacter.cpp */ = {isa = PBXFileReference; fileEncoding = 4; lastKnownFileType = sourcecode.cpp.cpp; path = LCharacter.cpp; sourceTree = "<group>"; };
		4947F20320E39990002F8909 /* LModel.h */ = {isa = PBXFileReference; fileEncoding = 4; lastKnownFileType = sourcecode.c.h; path = LModel.h; sourceTree = "<group>"; };
		4947F20420E39990002F8909 /* LClient.cpp */ = {isa = PBXFileReference; fileEncoding = 4; lastKnownFileType = sourcecode.cpp.cpp; path = LClient.cpp; sourceTree = "<group>"; };
		49EE970820DA64100071C153 /* LClient */ = {isa = PBXFileReference; explicitFileType = "compiled.mach-o.executable"; includeInIndex = 0; path = LClient; sourceTree = BUILT_PRODUCTS_DIR; };
		49FD5ED920E34C130001802B /* libLEngine.dylib */ = {isa = PBXFileReference; lastKnownFileType = "compiled.mach-o.dylib"; name = libLEngine.dylib; path = ../../../../../../usr/local/lib/libLEngine.dylib; sourceTree = "<group>"; };
/* End PBXFileReference section */

/* Begin PBXFrameworksBuildPhase section */
		49EE970520DA64100071C153 /* Frameworks */ = {
			isa = PBXFrameworksBuildPhase;
			buildActionMask = 2147483647;
			files = (
				49FD5EDA20E34C130001802B /* libLEngine.dylib in Frameworks */,
			);
			runOnlyForDeploymentPostprocessing = 0;
		};
/* End PBXFrameworksBuildPhase section */

/* Begin PBXGroup section */
		4947F1FC20E39990002F8909 /* src */ = {
			isa = PBXGroup;
			children = (
				4947F1FD20E39990002F8909 /* LClient.h */,
				4947F1FE20E39990002F8909 /* object */,
				4947F20420E39990002F8909 /* LClient.cpp */,
			);
			path = src;
			sourceTree = "<group>";
		};
		4947F1FE20E39990002F8909 /* object */ = {
			isa = PBXGroup;
			children = (
				4947F1FF20E39990002F8909 /* LCharacter.h */,
				4947F20020E39990002F8909 /* LObjectMgr.cpp */,
				4947F20120E39990002F8909 /* LObjectMgr.h */,
				4947F20220E39990002F8909 /* LCharacter.cpp */,
				4947F20320E39990002F8909 /* LModel.h */,
			);
			path = object;
			sourceTree = "<group>";
		};
		49EE96FF20DA64100071C153 = {
			isa = PBXGroup;
			children = (
				4947F1FC20E39990002F8909 /* src */,
				49EE970920DA64100071C153 /* Products */,
				49EE971920DA6BC80071C153 /* Frameworks */,
			);
			sourceTree = "<group>";
		};
		49EE970920DA64100071C153 /* Products */ = {
			isa = PBXGroup;
			children = (
				49EE970820DA64100071C153 /* LClient */,
			);
			name = Products;
			sourceTree = "<group>";
		};
		49EE971920DA6BC80071C153 /* Frameworks */ = {
			isa = PBXGroup;
			children = (
				49FD5ED920E34C130001802B /* libLEngine.dylib */,
			);
			name = Frameworks;
			sourceTree = "<group>";
		};
/* End PBXGroup section */

/* Begin PBXNativeTarget section */
		49EE970720DA64100071C153 /* LClient */ = {
			isa = PBXNativeTarget;
			buildConfigurationList = 49EE970F20DA64100071C153 /* Build configuration list for PBXNativeTarget "LClient" */;
			buildPhases = (
				49EE970420DA64100071C153 /* Sources */,
				49EE970520DA64100071C153 /* Frameworks */,
				49EE970620DA64100071C153 /* CopyFiles */,
			);
			buildRules = (
			);
			dependencies = (
			);
			name = LClient;
			productName = LClient;
			productReference = 49EE970820DA64100071C153 /* LClient */;
			productType = "com.apple.product-type.tool";
		};
/* End PBXNativeTarget section */

/* Begin PBXProject section */
		49EE970020DA64100071C153 /* Project object */ = {
			isa = PBXProject;
			attributes = {
				LastUpgradeCheck = 0940;
				ORGANIZATIONNAME = LeafMaple;
				TargetAttributes = {
					49EE970720DA64100071C153 = {
						CreatedOnToolsVersion = 9.4;
					};
				};
			};
			buildConfigurationList = 49EE970320DA64100071C153 /* Build configuration list for PBXProject "LClient" */;
			compatibilityVersion = "Xcode 9.3";
			developmentRegion = en;
			hasScannedForEncodings = 0;
			knownRegions = (
				en,
			);
			mainGroup = 49EE96FF20DA64100071C153;
			productRefGroup = 49EE970920DA64100071C153 /* Products */;
			projectDirPath = "";
			projectRoot = "";
			targets = (
				49EE970720DA64100071C153 /* LClient */,
			);
		};
/* End PBXProject section */

/* Begin PBXSourcesBuildPhase section */
		49EE970420DA64100071C153 /* Sources */ = {
			isa = PBXSourcesBuildPhase;
			buildActionMask = 2147483647;
			files = (
				4947F20720E39991002F8909 /* LClient.cpp in Sources */,
				4947F20620E39991002F8909 /* LCharacter.cpp in Sources */,
				4947F20520E39991002F8909 /* LObjectMgr.cpp in Sources */,
			);
			runOnlyForDeploymentPostprocessing = 0;
		};
/* End PBXSourcesBuildPhase section */

/* Begin XCBuildConfiguration section */
		49EE970D20DA64100071C153 /* Debug */ = {
			isa = XCBuildConfiguration;
			buildSettings = {
				ALWAYS_SEARCH_USER_PATHS = NO;
				CLANG_ANALYZER_NONNULL = YES;
				CLANG_ANALYZER_NUMBER_OBJECT_CONVERSION = YES_AGGRESSIVE;
				CLANG_CXX_LANGUAGE_STANDARD = "gnu++14";
				CLANG_CXX_LIBRARY = "libc++";
				CLANG_ENABLE_MODULES = YES;
				CLANG_ENABLE_OBJC_ARC = YES;
				CLANG_ENABLE_OBJC_WEAK = YES;
				CLANG_WARN_BLOCK_CAPTURE_AUTORELEASING = YES;
				CLANG_WARN_BOOL_CONVERSION = YES;
				CLANG_WARN_COMMA = YES;
				CLANG_WARN_CONSTANT_CONVERSION = YES;
				CLANG_WARN_DEPRECATED_OBJC_IMPLEMENTATIONS = YES;
				CLANG_WARN_DIRECT_OBJC_ISA_USAGE = YES_ERROR;
				CLANG_WARN_DOCUMENTATION_COMMENTS = YES;
				CLANG_WARN_EMPTY_BODY = YES;
				CLANG_WARN_ENUM_CONVERSION = YES;
				CLANG_WARN_INFINITE_RECURSION = YES;
				CLANG_WARN_INT_CONVERSION = YES;
				CLANG_WARN_NON_LITERAL_NULL_CONVERSION = YES;
				CLANG_WARN_OBJC_IMPLICIT_RETAIN_SELF = YES;
				CLANG_WARN_OBJC_LITERAL_CONVERSION = YES;
				CLANG_WARN_OBJC_ROOT_CLASS = YES_ERROR;
				CLANG_WARN_RANGE_LOOP_ANALYSIS = YES;
				CLANG_WARN_STRICT_PROTOTYPES = YES;
				CLANG_WARN_SUSPICIOUS_MOVE = YES;
				CLANG_WARN_UNGUARDED_AVAILABILITY = YES_AGGRESSIVE;
				CLANG_WARN_UNREACHABLE_CODE = YES;
				CLANG_WARN__DUPLICATE_METHOD_MATCH = YES;
				CODE_SIGN_IDENTITY = "-";
				COPY_PHASE_STRIP = NO;
				DEBUG_INFORMATION_FORMAT = dwarf;
				ENABLE_STRICT_OBJC_MSGSEND = YES;
				ENABLE_TESTABILITY = YES;
				GCC_C_LANGUAGE_STANDARD = gnu11;
				GCC_DYNAMIC_NO_PIC = NO;
				GCC_NO_COMMON_BLOCKS = YES;
				GCC_OPTIMIZATION_LEVEL = 0;
				GCC_PREPROCESSOR_DEFINITIONS = (
					"DEBUG=1",
					"$(inherited)",
				);
				GCC_WARN_64_TO_32_BIT_CONVERSION = YES;
				GCC_WARN_ABOUT_RETURN_TYPE = YES_ERROR;
				GCC_WARN_UNDECLARED_SELECTOR = YES;
				GCC_WARN_UNINITIALIZED_AUTOS = YES_AGGRESSIVE;
				GCC_WARN_UNUSED_FUNCTION = YES;
				GCC_WARN_UNUSED_VARIABLE = YES;
				HEADER_SEARCH_PATHS = (
					"$(SRCROOT)/../Include",
					"$(SRCROOT)/src",
				);
				LIBRARY_SEARCH_PATHS = (
					"$(SRCROOT)/../Lib",
					/usr/local/lib,
				);
				MACOSX_DEPLOYMENT_TARGET = 10.13;
				MTL_ENABLE_DEBUG_INFO = YES;
				ONLY_ACTIVE_ARCH = YES;
				REZ_SEARCH_PATHS = "$(SRCROOT)";
				SDKROOT = macosx;
			};
			name = Debug;
		};
		49EE970E20DA64100071C153 /* Release */ = {
			isa = XCBuildConfiguration;
			buildSettings = {
				ALWAYS_SEARCH_USER_PATHS = NO;
				CLANG_ANALYZER_NONNULL = YES;
				CLANG_ANALYZER_NUMBER_OBJECT_CONVERSION = YES_AGGRESSIVE;
				CLANG_CXX_LANGUAGE_STANDARD = "gnu++14";
				CLANG_CXX_LIBRARY = "libc++";
				CLANG_ENABLE_MODULES = YES;
				CLANG_ENABLE_OBJC_ARC = YES;
				CLANG_ENABLE_OBJC_WEAK = YES;
				CLANG_WARN_BLOCK_CAPTURE_AUTORELEASING = YES;
				CLANG_WARN_BOOL_CONVERSION = YES;
				CLANG_WARN_COMMA = YES;
				CLANG_WARN_CONSTANT_CONVERSION = YES;
				CLANG_WARN_DEPRECATED_OBJC_IMPLEMENTATIONS = YES;
				CLANG_WARN_DIRECT_OBJC_ISA_USAGE = YES_ERROR;
				CLANG_WARN_DOCUMENTATION_COMMENTS = YES;
				CLANG_WARN_EMPTY_BODY = YES;
				CLANG_WARN_ENUM_CONVERSION = YES;
				CLANG_WARN_INFINITE_RECURSION = YES;
				CLANG_WARN_INT_CONVERSION = YES;
				CLANG_WARN_NON_LITERAL_NULL_CONVERSION = YES;
				CLANG_WARN_OBJC_IMPLICIT_RETAIN_SELF = YES;
				CLANG_WARN_OBJC_LITERAL_CONVERSION = YES;
				CLANG_WARN_OBJC_ROOT_CLASS = YES_ERROR;
				CLANG_WARN_RANGE_LOOP_ANALYSIS = YES;
				CLANG_WARN_STRICT_PROTOTYPES = YES;
				CLANG_WARN_SUSPICIOUS_MOVE = YES;
				CLANG_WARN_UNGUARDED_AVAILABILITY = YES_AGGRESSIVE;
				CLANG_WARN_UNREACHABLE_CODE = YES;
				CLANG_WARN__DUPLICATE_METHOD_MATCH = YES;
				CODE_SIGN_IDENTITY = "-";
				COPY_PHASE_STRIP = NO;
				DEBUG_INFORMATION_FORMAT = "dwarf-with-dsym";
				ENABLE_NS_ASSERTIONS = NO;
				ENABLE_STRICT_OBJC_MSGSEND = YES;
				GCC_C_LANGUAGE_STANDARD = gnu11;
				GCC_NO_COMMON_BLOCKS = YES;
				GCC_WARN_64_TO_32_BIT_CONVERSION = YES;
				GCC_WARN_ABOUT_RETURN_TYPE = YES_ERROR;
				GCC_WARN_UNDECLARED_SELECTOR = YES;
				GCC_WARN_UNINITIALIZED_AUTOS = YES_AGGRESSIVE;
				GCC_WARN_UNUSED_FUNCTION = YES;
				GCC_WARN_UNUSED_VARIABLE = YES;
				HEADER_SEARCH_PATHS = (
					"$(SRCROOT)/../Include",
					"$(SRCROOT)/src",
				);
				LIBRARY_SEARCH_PATHS = (
					"$(SRCROOT)/../Lib",
					/usr/local/lib,
				);
				MACOSX_DEPLOYMENT_TARGET = 10.13;
				MTL_ENABLE_DEBUG_INFO = NO;
				REZ_SEARCH_PATHS = "$(SRCROOT)";
				SDKROOT = macosx;
			};
			name = Release;
		};
		49EE971020DA64100071C153 /* Debug */ = {
			isa = XCBuildConfiguration;
			buildSettings = {
				CODE_SIGN_STYLE = Automatic;
				PRODUCT_NAME = "$(TARGET_NAME)";
			};
			name = Debug;
		};
		49EE971120DA64100071C153 /* Release */ = {
			isa = XCBuildConfiguration;
			buildSettings = {
				CODE_SIGN_STYLE = Automatic;
				PRODUCT_NAME = "$(TARGET_NAME)";
			};
			name = Release;
		};
/* End XCBuildConfiguration section */

/* Begin XCConfigurationList section */
		49EE970320DA64100071C153 /* Build configuration list for PBXProject "LClient" */ = {
			isa = XCConfigurationList;
			buildConfigurations = (
				49EE970D20DA64100071C153 /* Debug */,
				49EE970E20DA64100071C153 /* Release */,
			);
			defaultConfigurationIsVisible = 0;
			defaultConfigurationName = Release;
		};
		49EE970F20DA64100071C153 /* Build configuration list for PBXNativeTarget "LClient" */ = {
			isa = XCConfigurationList;
			buildConfigurations = (
				49EE971020DA64100071C153 /* Debug */,
				49EE971120DA64100071C153 /* Release */,
			);
			defaultConfigurationIsVisible = 0;
			defaultConfigurationName = Release;
		};
/* End XCConfigurationList section */
	};
	rootObject = 49EE970020DA64100071C153 /* Project object */;
}
