
Microsoft Visual Studio Solution File, Format Version 12.00
# Visual Studio 15
VisualStudioVersion = 15.0.28307.489
MinimumVisualStudioVersion = 10.0.40219.1
Project("{8BC9CEB8-8B4A-11D0-8D11-00A0C91BC942}") = "GLAD", "GLAD\GLAD.vcxproj", "{8360F4F5-6E2D-4A89-8A35-A09E5B465E85}"
EndProject
Project("{8BC9CEB8-8B4A-11D0-8D11-00A0C91BC942}") = "LEngine", "LEngine\LEngine.vcxproj", "{7DF8E34F-92A3-4A77-9717-0698B01F67AC}"
	ProjectSection(ProjectDependencies) = postProject
		{54D70773-60A8-446F-8779-6011C48B152A} = {54D70773-60A8-446F-8779-6011C48B152A}
	EndProjectSection
EndProject
Project("{8BC9CEB8-8B4A-11D0-8D11-00A0C91BC942}") = "LClient", "LClient\LClient.vcxproj", "{E84F68FA-11C6-4D48-A983-2F032B08BACC}"
EndProject
Project("{8BC9CEB8-8B4A-11D0-8D11-00A0C91BC942}") = "stb", "stb\stb.vcxproj", "{54D70773-60A8-446F-8779-6011C48B152A}"
EndProject
Project("{8BC9CEB8-8B4A-11D0-8D11-00A0C91BC942}") = "LCreator", "LCreator\LCreator.vcxproj", "{115F536F-CA66-497D-BF38-415867E3563C}"
	ProjectSection(ProjectDependencies) = postProject
		{7DF8E34F-92A3-4A77-9717-0698B01F67AC} = {7DF8E34F-92A3-4A77-9717-0698B01F67AC}
	EndProjectSection
EndProject
Global
	GlobalSection(SolutionConfigurationPlatforms) = preSolution
		Debug|Win32 = Debug|Win32
		Release|Win32 = Release|Win32
	EndGlobalSection
	GlobalSection(ProjectConfigurationPlatforms) = postSolution
		{8360F4F5-6E2D-4A89-8A35-A09E5B465E85}.Debug|Win32.ActiveCfg = Debug|Win32
		{8360F4F5-6E2D-4A89-8A35-A09E5B465E85}.Debug|Win32.Build.0 = Debug|Win32
		{8360F4F5-6E2D-4A89-8A35-A09E5B465E85}.Release|Win32.ActiveCfg = Release|Win32
		{8360F4F5-6E2D-4A89-8A35-A09E5B465E85}.Release|Win32.Build.0 = Release|Win32
		{7DF8E34F-92A3-4A77-9717-0698B01F67AC}.Debug|Win32.ActiveCfg = Debug|Win32
		{7DF8E34F-92A3-4A77-9717-0698B01F67AC}.Debug|Win32.Build.0 = Debug|Win32
		{7DF8E34F-92A3-4A77-9717-0698B01F67AC}.Release|Win32.ActiveCfg = Release|Win32
		{7DF8E34F-92A3-4A77-9717-0698B01F67AC}.Release|Win32.Build.0 = Release|Win32
		{E84F68FA-11C6-4D48-A983-2F032B08BACC}.Debug|Win32.ActiveCfg = Debug|Win32
		{E84F68FA-11C6-4D48-A983-2F032B08BACC}.Debug|Win32.Build.0 = Debug|Win32
		{E84F68FA-11C6-4D48-A983-2F032B08BACC}.Release|Win32.ActiveCfg = Release|Win32
		{E84F68FA-11C6-4D48-A983-2F032B08BACC}.Release|Win32.Build.0 = Release|Win32
		{54D70773-60A8-446F-8779-6011C48B152A}.Debug|Win32.ActiveCfg = Debug|Win32
		{54D70773-60A8-446F-8779-6011C48B152A}.Debug|Win32.Build.0 = Debug|Win32
		{54D70773-60A8-446F-8779-6011C48B152A}.Release|Win32.ActiveCfg = Release|Win32
		{54D70773-60A8-446F-8779-6011C48B152A}.Release|Win32.Build.0 = Release|Win32
		{115F536F-CA66-497D-BF38-415867E3563C}.Debug|Win32.ActiveCfg = Debug|Win32
		{115F536F-CA66-497D-BF38-415867E3563C}.Debug|Win32.Build.0 = Debug|Win32
		{115F536F-CA66-497D-BF38-415867E3563C}.Release|Win32.ActiveCfg = Release|Win32
		{115F536F-CA66-497D-BF38-415867E3563C}.Release|Win32.Build.0 = Release|Win32
	EndGlobalSection
	GlobalSection(SolutionProperties) = preSolution
		HideSolutionNode = FALSE
	EndGlobalSection
	GlobalSection(ExtensibilityGlobals) = postSolution
		SolutionGuid = {1FDA5574-B83F-490A-A14E-AE2775D13A30}
	EndGlobalSection
EndGlobal
