// !$*UTF8*$!
{
	archiveVersion = 1;
	classes = {
	};
	objectVersion = 50;
	objects = {

/* Begin PBXBuildFile section */
		4905765920EE1DD8009AF9F9 /* L3DTexture.cpp in Sources */ = {isa = PBXBuildFile; fileRef = 4905765820EE1DD8009AF9F9 /* L3DTexture.cpp */; };
		4905784B20EE3569009AF9F9 /* libstb.dylib in Frameworks */ = {isa = PBXBuildFile; fileRef = 4905784A20EE3569009AF9F9 /* libstb.dylib */; };
		4905784E20EE39B0009AF9F9 /* L3DMesh.cpp in Sources */ = {isa = PBXBuildFile; fileRef = 4905784D20EE39B0009AF9F9 /* L3DMesh.cpp */; };
		4905785020EE3EC9009AF9F9 /* LFileStruct.h in Headers */ = {isa = PBXBuildFile; fileRef = 4905784F20EE3EC9009AF9F9 /* LFileStruct.h */; };
		4905785220EFAF8C009AF9F9 /* LFileDef.h in Headers */ = {isa = PBXBuildFile; fileRef = 4905785120EFAF8C009AF9F9 /* LFileDef.h */; };
		4947F1F420E39970002F8909 /* LInterface.cpp in Sources */ = {isa = PBXBuildFile; fileRef = 4947F1E920E39970002F8909 /* LInterface.cpp */; };
		4947F1F520E39970002F8909 /* LEngine.cpp in Sources */ = {isa = PBXBuildFile; fileRef = 4947F1EA20E39970002F8909 /* LEngine.cpp */; };
		4947F1F620E39970002F8909 /* LFileReader.h in Headers */ = {isa = PBXBuildFile; fileRef = 4947F1EC20E39970002F8909 /* LFileReader.h */; };
		4947F1F720E39970002F8909 /* LFileReader.cpp in Sources */ = {isa = PBXBuildFile; fileRef = 4947F1ED20E39970002F8909 /* LFileReader.cpp */; };
		4947F1F820E39970002F8909 /* L3DModel.cpp in Sources */ = {isa = PBXBuildFile; fileRef = 4947F1EF20E39970002F8909 /* L3DModel.cpp */; };
		4947F1F920E39970002F8909 /* L3DModel.h in Headers */ = {isa = PBXBuildFile; fileRef = 4947F1F020E39970002F8909 /* L3DModel.h */; };
		4947F1FA20E39970002F8909 /* L3DShader.h in Headers */ = {isa = PBXBuildFile; fileRef = 4947F1F220E39970002F8909 /* L3DShader.h */; };
		4947F1FB20E39970002F8909 /* L3DShader.cpp in Sources */ = {isa = PBXBuildFile; fileRef = 4947F1F320E39970002F8909 /* L3DShader.cpp */; };
		49EE96C320DA4FE90071C153 /* libglfw.3.2.dylib in Frameworks */ = {isa = PBXBuildFile; fileRef = 49EE96C220DA4FE90071C153 /* libglfw.3.2.dylib */; };
		49FD5EDC20E34E2F0001802B /* libGLAD.dylib in Frameworks */ = {isa = PBXBuildFile; fileRef = 49FD5EDB20E34E2F0001802B /* libGLAD.dylib */; };
/* End PBXBuildFile section */

/* Begin PBXFileReference section */
		4905765720EE1DB3009AF9F9 /* L3DTexture.h */ = {isa = PBXFileReference; lastKnownFileType = sourcecode.c.h; path = L3DTexture.h; sourceTree = "<group>"; };
		4905765820EE1DD8009AF9F9 /* L3DTexture.cpp */ = {isa = PBXFileReference; lastKnownFileType = sourcecode.cpp.cpp; path = L3DTexture.cpp; sourceTree = "<group>"; };
		4905784A20EE3569009AF9F9 /* libstb.dylib */ = {isa = PBXFileReference; lastKnownFileType = "compiled.mach-o.dylib"; name = libstb.dylib; path = ../../../../../../usr/local/lib/libstb.dylib; sourceTree = "<group>"; };
		4905784C20EE3975009AF9F9 /* L3DMesh.h */ = {isa = PBXFileReference; lastKnownFileType = sourcecode.c.h; path = L3DMesh.h; sourceTree = "<group>"; };
		4905784D20EE39B0009AF9F9 /* L3DMesh.cpp */ = {isa = PBXFileReference; lastKnownFileType = sourcecode.cpp.cpp; path = L3DMesh.cpp; sourceTree = "<group>"; };
		4905784F20EE3EC9009AF9F9 /* LFileStruct.h */ = {isa = PBXFileReference; fileEncoding = 4; lastKnownFileType = sourcecode.c.h; path = LFileStruct.h; sourceTree = "<group>"; };
		4905785120EFAF8C009AF9F9 /* LFileDef.h */ = {isa = PBXFileReference; fileEncoding = 4; lastKnownFileType = sourcecode.c.h; path = LFileDef.h; sourceTree = "<group>"; };
		4947F1E920E39970002F8909 /* LInterface.cpp */ = {isa = PBXFileReference; fileEncoding = 4; lastKnownFileType = sourcecode.cpp.cpp; path = LInterface.cpp; sourceTree = "<group>"; };
		4947F1EA20E39970002F8909 /* LEngine.cpp */ = {isa = PBXFileReference; fileEncoding = 4; lastKnownFileType = sourcecode.cpp.cpp; path = LEngine.cpp; sourceTree = "<group>"; };
		4947F1EC20E39970002F8909 /* LFileReader.h */ = {isa = PBXFileReference; fileEncoding = 4; lastKnownFileType = sourcecode.c.h; path = LFileReader.h; sourceTree = "<group>"; };
		4947F1ED20E39970002F8909 /* LFileReader.cpp */ = {isa = PBXFileReference; fileEncoding = 4; lastKnownFileType = sourcecode.cpp.cpp; path = LFileReader.cpp; sourceTree = "<group>"; };
		4947F1EF20E39970002F8909 /* L3DModel.cpp */ = {isa = PBXFileReference; fileEncoding = 4; lastKnownFileType = sourcecode.cpp.cpp; path = L3DModel.cpp; sourceTree = "<group>"; };
		4947F1F020E39970002F8909 /* L3DModel.h */ = {isa = PBXFileReference; fileEncoding = 4; lastKnownFileType = sourcecode.c.h; path = L3DModel.h; sourceTree = "<group>"; };
		4947F1F220E39970002F8909 /* L3DShader.h */ = {isa = PBXFileReference; fileEncoding = 4; lastKnownFileType = sourcecode.c.h; path = L3DShader.h; sourceTree = "<group>"; };
		4947F1F320E39970002F8909 /* L3DShader.cpp */ = {isa = PBXFileReference; fileEncoding = 4; lastKnownFileType = sourcecode.cpp.cpp; path = L3DShader.cpp; sourceTree = "<group>"; };
		49EE968120DA37F90071C153 /* libLEngine.dylib */ = {isa = PBXFileReference; explicitFileType = "compiled.mach-o.dylib"; includeInIndex = 0; path = libLEngine.dylib; sourceTree = BUILT_PRODUCTS_DIR; };
		49EE96C220DA4FE90071C153 /* libglfw.3.2.dylib */ = {isa = PBXFileReference; lastKnownFileType = "compiled.mach-o.dylib"; name = libglfw.3.2.dylib; path = ../../../../../../usr/local/Cellar/glfw/3.2.1/lib/libglfw.3.2.dylib; sourceTree = "<group>"; };
		49FD5EDB20E34E2F0001802B /* libGLAD.dylib */ = {isa = PBXFileReference; lastKnownFileType = "compiled.mach-o.dylib"; name = libGLAD.dylib; path = ../../../../../../usr/local/lib/libGLAD.dylib; sourceTree = "<group>"; };
/* End PBXFileReference section */

/* Begin PBXFrameworksBuildPhase section */
		49EE967E20DA37F90071C153 /* Frameworks */ = {
			isa = PBXFrameworksBuildPhase;
			buildActionMask = 2147483647;
			files = (
				49EE96C320DA4FE90071C153 /* libglfw.3.2.dylib in Frameworks */,
				49FD5EDC20E34E2F0001802B /* libGLAD.dylib in Frameworks */,
				4905784B20EE3569009AF9F9 /* libstb.dylib in Frameworks */,
			);
			runOnlyForDeploymentPostprocessing = 0;
		};
/* End PBXFrameworksBuildPhase section */

/* Begin PBXGroup section */
		4947F1E820E39970002F8909 /* src */ = {
			isa = PBXGroup;
			children = (
				4947F1E920E39970002F8909 /* LInterface.cpp */,
				4947F1EA20E39970002F8909 /* LEngine.cpp */,
				4947F1EB20E39970002F8909 /* io */,
				4947F1EE20E39970002F8909 /* model */,
				4947F1F120E39970002F8909 /* shader */,
			);
			path = src;
			sourceTree = "<group>";
		};
		4947F1EB20E39970002F8909 /* io */ = {
			isa = PBXGroup;
			children = (
				4905785120EFAF8C009AF9F9 /* LFileDef.h */,
				4905784F20EE3EC9009AF9F9 /* LFileStruct.h */,
				4947F1EC20E39970002F8909 /* LFileReader.h */,
				4947F1ED20E39970002F8909 /* LFileReader.cpp */,
			);
			path = io;
			sourceTree = "<group>";
		};
		4947F1EE20E39970002F8909 /* model */ = {
			isa = PBXGroup;
			children = (
				4947F1EF20E39970002F8909 /* L3DModel.cpp */,
				4947F1F020E39970002F8909 /* L3DModel.h */,
				4905765720EE1DB3009AF9F9 /* L3DTexture.h */,
				4905765820EE1DD8009AF9F9 /* L3DTexture.cpp */,
				4905784C20EE3975009AF9F9 /* L3DMesh.h */,
				4905784D20EE39B0009AF9F9 /* L3DMesh.cpp */,
			);
			path = model;
			sourceTree = "<group>";
		};
		4947F1F120E39970002F8909 /* shader */ = {
			isa = PBXGroup;
			children = (
				4947F1F220E39970002F8909 /* L3DShader.h */,
				4947F1F320E39970002F8909 /* L3DShader.cpp */,
			);
			path = shader;
			sourceTree = "<group>";
		};
		49EE967820DA37F90071C153 = {
			isa = PBXGroup;
			children = (
				4947F1E820E39970002F8909 /* src */,
				49EE968220DA37F90071C153 /* Products */,
				49EE96C120DA4FE90071C153 /* Frameworks */,
			);
			sourceTree = "<group>";
		};
		49EE968220DA37F90071C153 /* Products */ = {
			isa = PBXGroup;
			children = (
				49EE968120DA37F90071C153 /* libLEngine.dylib */,
			);
			name = Products;
			sourceTree = "<group>";
		};
		49EE96C120DA4FE90071C153 /* Frameworks */ = {
			isa = PBXGroup;
			children = (
				4905784A20EE3569009AF9F9 /* libstb.dylib */,
				49FD5EDB20E34E2F0001802B /* libGLAD.dylib */,
				49EE96C220DA4FE90071C153 /* libglfw.3.2.dylib */,
			);
			name = Frameworks;
			sourceTree = "<group>";
		};
/* End PBXGroup section */

/* Begin PBXHeadersBuildPhase section */
		49EE967F20DA37F90071C153 /* Headers */ = {
			isa = PBXHeadersBuildPhase;
			buildActionMask = 2147483647;
			files = (
				4905785020EE3EC9009AF9F9 /* LFileStruct.h in Headers */,
				4947F1F920E39970002F8909 /* L3DModel.h in Headers */,
				4905785220EFAF8C009AF9F9 /* LFileDef.h in Headers */,
				4947F1FA20E39970002F8909 /* L3DShader.h in Headers */,
				4947F1F620E39970002F8909 /* LFileReader.h in Headers */,
			);
			runOnlyForDeploymentPostprocessing = 0;
		};
/* End PBXHeadersBuildPhase section */

/* Begin PBXNativeTarget section */
		49EE968020DA37F90071C153 /* LEngine */ = {
			isa = PBXNativeTarget;
			buildConfigurationList = 49EE968C20DA37F90071C153 /* Build configuration list for PBXNativeTarget "LEngine" */;
			buildPhases = (
				49EE967D20DA37F90071C153 /* Sources */,
				49EE967E20DA37F90071C153 /* Frameworks */,
				49EE967F20DA37F90071C153 /* Headers */,
			);
			buildRules = (
			);
			dependencies = (
			);
			name = LEngine;
			productName = LEngine;
			productReference = 49EE968120DA37F90071C153 /* libLEngine.dylib */;
			productType = "com.apple.product-type.library.dynamic";
		};
/* End PBXNativeTarget section */

/* Begin PBXProject section */
		49EE967920DA37F90071C153 /* Project object */ = {
			isa = PBXProject;
			attributes = {
				LastUpgradeCheck = 0940;
				ORGANIZATIONNAME = LeafMaple;
				TargetAttributes = {
					49EE968020DA37F90071C153 = {
						CreatedOnToolsVersion = 9.4;
					};
				};
			};
			buildConfigurationList = 49EE967C20DA37F90071C153 /* Build configuration list for PBXProject "LEngine" */;
			compatibilityVersion = "Xcode 9.3";
			developmentRegion = en;
			hasScannedForEncodings = 0;
			knownRegions = (
				en,
			);
			mainGroup = 49EE967820DA37F90071C153;
			productRefGroup = 49EE968220DA37F90071C153 /* Products */;
			projectDirPath = "";
			projectRoot = "";
			targets = (
				49EE968020DA37F90071C153 /* LEngine */,
			);
		};
/* End PBXProject section */

/* Begin PBXSourcesBuildPhase section */
		49EE967D20DA37F90071C153 /* Sources */ = {
			isa = PBXSourcesBuildPhase;
			buildActionMask = 2147483647;
			files = (
				4947F1FB20E39970002F8909 /* L3DShader.cpp in Sources */,
				4947F1F420E39970002F8909 /* LInterface.cpp in Sources */,
				4905784E20EE39B0009AF9F9 /* L3DMesh.cpp in Sources */,
				4947F1F520E39970002F8909 /* LEngine.cpp in Sources */,
				4947F1F720E39970002F8909 /* LFileReader.cpp in Sources */,
				4947F1F820E39970002F8909 /* L3DModel.cpp in Sources */,
				4905765920EE1DD8009AF9F9 /* L3DTexture.cpp in Sources */,
			);
			runOnlyForDeploymentPostprocessing = 0;
		};
/* End PBXSourcesBuildPhase section */

/* Begin XCBuildConfiguration section */
		49EE968A20DA37F90071C153 /* Debug */ = {
			isa = XCBuildConfiguration;
			buildSettings = {
				ALWAYS_SEARCH_USER_PATHS = NO;
				CLANG_ANALYZER_NONNULL = YES;
				CLANG_ANALYZER_NUMBER_OBJECT_CONVERSION = YES_AGGRESSIVE;
				CLANG_CXX_LANGUAGE_STANDARD = "gnu++14";
				CLANG_CXX_LIBRARY = "libc++";
				CLANG_ENABLE_MODULES = YES;
				CLANG_ENABLE_OBJC_ARC = YES;
				CLANG_ENABLE_OBJC_WEAK = YES;
				CLANG_WARN_BLOCK_CAPTURE_AUTORELEASING = YES;
				CLANG_WARN_BOOL_CONVERSION = YES;
				CLANG_WARN_COMMA = YES;
				CLANG_WARN_CONSTANT_CONVERSION = YES;
				CLANG_WARN_DEPRECATED_OBJC_IMPLEMENTATIONS = YES;
				CLANG_WARN_DIRECT_OBJC_ISA_USAGE = YES_ERROR;
				CLANG_WARN_DOCUMENTATION_COMMENTS = YES;
				CLANG_WARN_EMPTY_BODY = YES;
				CLANG_WARN_ENUM_CONVERSION = YES;
				CLANG_WARN_INFINITE_RECURSION = YES;
				CLANG_WARN_INT_CONVERSION = YES;
				CLANG_WARN_NON_LITERAL_NULL_CONVERSION = YES;
				CLANG_WARN_OBJC_IMPLICIT_RETAIN_SELF = YES;
				CLANG_WARN_OBJC_LITERAL_CONVERSION = YES;
				CLANG_WARN_OBJC_ROOT_CLASS = YES_ERROR;
				CLANG_WARN_RANGE_LOOP_ANALYSIS = YES;
				CLANG_WARN_STRICT_PROTOTYPES = YES;
				CLANG_WARN_SUSPICIOUS_MOVE = YES;
				CLANG_WARN_UNGUARDED_AVAILABILITY = YES_AGGRESSIVE;
				CLANG_WARN_UNREACHABLE_CODE = YES;
				CLANG_WARN__DUPLICATE_METHOD_MATCH = YES;
				CODE_SIGN_IDENTITY = "-";
				CONFIGURATION_BUILD_DIR = "$(SRCROOT)/../Lib";
				COPY_PHASE_STRIP = NO;
				DEBUG_INFORMATION_FORMAT = dwarf;
				ENABLE_STRICT_OBJC_MSGSEND = YES;
				ENABLE_TESTABILITY = YES;
				EXECUTABLE_PREFIX = "";
				GCC_C_LANGUAGE_STANDARD = gnu11;
				GCC_DYNAMIC_NO_PIC = NO;
				GCC_NO_COMMON_BLOCKS = YES;
				GCC_OPTIMIZATION_LEVEL = 0;
				GCC_PREPROCESSOR_DEFINITIONS = (
					"DEBUG=1",
					"$(inherited)",
				);
				GCC_WARN_64_TO_32_BIT_CONVERSION = YES;
				GCC_WARN_ABOUT_RETURN_TYPE = YES_ERROR;
				GCC_WARN_UNDECLARED_SELECTOR = YES;
				GCC_WARN_UNINITIALIZED_AUTOS = YES_AGGRESSIVE;
				GCC_WARN_UNUSED_FUNCTION = YES;
				GCC_WARN_UNUSED_VARIABLE = YES;
				HEADER_SEARCH_PATHS = (
					"$(SRCROOT)/../Include",
					"$(SRCROOT)/src",
					/usr/local/include,
				);
				LIBRARY_SEARCH_PATHS = (
					"$(inherited)",
					/usr/local/Cellar/glfw/3.2.1/lib,
				);
				MACOSX_DEPLOYMENT_TARGET = 10.13;
				MTL_ENABLE_DEBUG_INFO = YES;
				ONLY_ACTIVE_ARCH = YES;
				REEXPORTED_LIBRARY_PATHS = "";
				REZ_SEARCH_PATHS = "$(SRCROOT)";
				SDKROOT = macosx;
			};
			name = Debug;
		};
		49EE968B20DA37F90071C153 /* Release */ = {
			isa = XCBuildConfiguration;
			buildSettings = {
				ALWAYS_SEARCH_USER_PATHS = NO;
				CLANG_ANALYZER_NONNULL = YES;
				CLANG_ANALYZER_NUMBER_OBJECT_CONVERSION = YES_AGGRESSIVE;
				CLANG_CXX_LANGUAGE_STANDARD = "gnu++14";
				CLANG_CXX_LIBRARY = "libc++";
				CLANG_ENABLE_MODULES = YES;
				CLANG_ENABLE_OBJC_ARC = YES;
				CLANG_ENABLE_OBJC_WEAK = YES;
				CLANG_WARN_BLOCK_CAPTURE_AUTORELEASING = YES;
				CLANG_WARN_BOOL_CONVERSION = YES;
				CLANG_WARN_COMMA = YES;
				CLANG_WARN_CONSTANT_CONVERSION = YES;
				CLANG_WARN_DEPRECATED_OBJC_IMPLEMENTATIONS = YES;
				CLANG_WARN_DIRECT_OBJC_ISA_USAGE = YES_ERROR;
				CLANG_WARN_DOCUMENTATION_COMMENTS = YES;
				CLANG_WARN_EMPTY_BODY = YES;
				CLANG_WARN_ENUM_CONVERSION = YES;
				CLANG_WARN_INFINITE_RECURSION = YES;
				CLANG_WARN_INT_CONVERSION = YES;
				CLANG_WARN_NON_LITERAL_NULL_CONVERSION = YES;
				CLANG_WARN_OBJC_IMPLICIT_RETAIN_SELF = YES;
				CLANG_WARN_OBJC_LITERAL_CONVERSION = YES;
				CLANG_WARN_OBJC_ROOT_CLASS = YES_ERROR;
				CLANG_WARN_RANGE_LOOP_ANALYSIS = YES;
				CLANG_WARN_STRICT_PROTOTYPES = YES;
				CLANG_WARN_SUSPICIOUS_MOVE = YES;
				CLANG_WARN_UNGUARDED_AVAILABILITY = YES_AGGRESSIVE;
				CLANG_WARN_UNREACHABLE_CODE = YES;
				CLANG_WARN__DUPLICATE_METHOD_MATCH = YES;
				CODE_SIGN_IDENTITY = "-";
				CONFIGURATION_BUILD_DIR = "$(SRCROOT)/../Lib";
				COPY_PHASE_STRIP = NO;
				DEBUG_INFORMATION_FORMAT = "dwarf-with-dsym";
				ENABLE_NS_ASSERTIONS = NO;
				ENABLE_STRICT_OBJC_MSGSEND = YES;
				EXECUTABLE_PREFIX = "";
				GCC_C_LANGUAGE_STANDARD = gnu11;
				GCC_NO_COMMON_BLOCKS = YES;
				GCC_WARN_64_TO_32_BIT_CONVERSION = YES;
				GCC_WARN_ABOUT_RETURN_TYPE = YES_ERROR;
				GCC_WARN_UNDECLARED_SELECTOR = YES;
				GCC_WARN_UNINITIALIZED_AUTOS = YES_AGGRESSIVE;
				GCC_WARN_UNUSED_FUNCTION = YES;
				GCC_WARN_UNUSED_VARIABLE = YES;
				HEADER_SEARCH_PATHS = (
					"$(SRCROOT)/../Include",
					"$(SRCROOT)/src",
					/usr/local/include,
				);
				LIBRARY_SEARCH_PATHS = (
					"$(inherited)",
					/usr/local/Cellar/glfw/3.2.1/lib,
				);
				MACOSX_DEPLOYMENT_TARGET = 10.13;
				MTL_ENABLE_DEBUG_INFO = NO;
				REEXPORTED_LIBRARY_PATHS = "";
				REZ_SEARCH_PATHS = "$(SRCROOT)";
				SDKROOT = macosx;
			};
			name = Release;
		};
		49EE968D20DA37F90071C153 /* Debug */ = {
			isa = XCBuildConfiguration;
			buildSettings = {
				CODE_SIGN_STYLE = Automatic;
				CONFIGURATION_BUILD_DIR = /usr/local/lib;
				DYLIB_COMPATIBILITY_VERSION = 1;
				DYLIB_CURRENT_VERSION = 1;
				EXECUTABLE_PREFIX = lib;
				GCC_ENABLE_CPP_EXCEPTIONS = YES;
				GCC_ENABLE_CPP_RTTI = YES;
				GCC_PREPROCESSOR_DEFINITIONS = (
					"DEBUG=1",
					LENGINE_EXPORTS,
				);
				GCC_SYMBOLS_PRIVATE_EXTERN = YES;
				PRODUCT_NAME = "$(TARGET_NAME)";
				SKIP_INSTALL = YES;
			};
			name = Debug;
		};
		49EE968E20DA37F90071C153 /* Release */ = {
			isa = XCBuildConfiguration;
			buildSettings = {
				CODE_SIGN_STYLE = Automatic;
				CONFIGURATION_BUILD_DIR = /usr/local/lib;
				DYLIB_COMPATIBILITY_VERSION = 1;
				DYLIB_CURRENT_VERSION = 1;
				EXECUTABLE_PREFIX = lib;
				GCC_ENABLE_CPP_EXCEPTIONS = YES;
				GCC_ENABLE_CPP_RTTI = YES;
				GCC_PREPROCESSOR_DEFINITIONS = LENGINE_EXPORTS;
				GCC_SYMBOLS_PRIVATE_EXTERN = YES;
				PRODUCT_NAME = "$(TARGET_NAME)";
				SKIP_INSTALL = YES;
			};
			name = Release;
		};
/* End XCBuildConfiguration section */

/* Begin XCConfigurationList section */
		49EE967C20DA37F90071C153 /* Build configuration list for PBXProject "LEngine" */ = {
			isa = XCConfigurationList;
			buildConfigurations = (
				49EE968A20DA37F90071C153 /* Debug */,
				49EE968B20DA37F90071C153 /* Release */,
			);
			defaultConfigurationIsVisible = 0;
			defaultConfigurationName = Release;
		};
		49EE968C20DA37F90071C153 /* Build configuration list for PBXNativeTarget "LEngine" */ = {
			isa = XCConfigurationList;
			buildConfigurations = (
				49EE968D20DA37F90071C153 /* Debug */,
				49EE968E20DA37F90071C153 /* Release */,
			);
			defaultConfigurationIsVisible = 0;
			defaultConfigurationName = Release;
		};
/* End XCConfigurationList section */
	};
	rootObject = 49EE967920DA37F90071C153 /* Project object */;
}
