<?xml version="1.0" encoding="utf-8"?>
<Project ToolsVersion="4.0" xmlns="http://schemas.microsoft.com/developer/msbuild/2003">
  <ItemGroup>
    <Filter Include="Source Files">
      <UniqueIdentifier>{4FC737F1-C7A5-4376-A066-2A32D752A2FF}</UniqueIdentifier>
      <Extensions>cpp;c;cc;cxx;def;odl;idl;hpj;bat;asm;asmx</Extensions>
    </Filter>
    <Filter Include="Header Files">
      <UniqueIdentifier>{93995380-89BD-4b04-88EB-625FBE52EBFB}</UniqueIdentifier>
      <Extensions>h;hpp;hxx;hm;inl;inc;xsd</Extensions>
    </Filter>
    <Filter Include="Resource Files">
      <UniqueIdentifier>{67DA6AB6-F800-4c08-8B7A-83BB121AAD01}</UniqueIdentifier>
      <Extensions>rc;ico;cur;bmp;dlg;rc2;rct;bin;rgs;gif;jpg;jpeg;jpe;resx;tiff;tif;png;wav</Extensions>
    </Filter>
    <Filter Include="Header Files\Model">
      <UniqueIdentifier>{067438e6-5a78-438c-9242-09ea39073450}</UniqueIdentifier>
    </Filter>
    <Filter Include="Source Files\Model">
      <UniqueIdentifier>{7fe3b7f7-7ebf-4462-8270-16ab50e6908c}</UniqueIdentifier>
    </Filter>
    <Filter Include="Header Files\Shader">
      <UniqueIdentifier>{d4d2f2eb-8a95-41c1-aa7f-1a68a4ddfd56}</UniqueIdentifier>
    </Filter>
    <Filter Include="Source Files\Shader">
      <UniqueIdentifier>{58931c25-dd60-403c-bbc9-2dbbc7ece8c1}</UniqueIdentifier>
    </Filter>
    <Filter Include="Source Files\IO">
      <UniqueIdentifier>{119958b2-0077-4404-9e8b-95c08e6710f6}</UniqueIdentifier>
    </Filter>
    <Filter Include="Header Files\IO">
      <UniqueIdentifier>{fbea6968-447d-4e8d-898c-43815e9f0776}</UniqueIdentifier>
    </Filter>
    <Filter Include="Header Files\Common">
      <UniqueIdentifier>{4509c00c-7739-4932-b01f-95e113852ad0}</UniqueIdentifier>
    </Filter>
  </ItemGroup>
  <ItemGroup>
    <ClCompile Include="src\LEngine.cpp">
      <Filter>Source Files</Filter>
    </ClCompile>
    <ClCompile Include="src\LInterface.cpp">
      <Filter>Source Files</Filter>
    </ClCompile>
    <ClCompile Include="src\model\L3DModel.cpp">
      <Filter>Source Files\Model</Filter>
    </ClCompile>
    <ClCompile Include="src\io\LFileReader.cpp">
      <Filter>Source Files\IO</Filter>
    </ClCompile>
    <ClCompile Include="src\shader\L3DShader.cpp">
      <Filter>Source Files\Shader</Filter>
    </ClCompile>
    <ClCompile Include="src\model\L3DTexture.cpp">
      <Filter>Source Files\Model</Filter>
    </ClCompile>
    <ClCompile Include="src\model\L3DMesh.cpp">
      <Filter>Source Files\Model</Filter>
    </ClCompile>
  </ItemGroup>
  <ItemGroup>
    <ClInclude Include="src\model\L3DModel.h">
      <Filter>Header Files\Model</Filter>
    </ClInclude>
    <ClInclude Include="src\io\LFileReader.h">
      <Filter>Header Files\IO</Filter>
    </ClInclude>
    <ClInclude Include="src\shader\L3DShader.h">
      <Filter>Header Files\Shader</Filter>
    </ClInclude>
    <ClInclude Include="src\model\L3DTexture.h">
      <Filter>Header Files\Model</Filter>
    </ClInclude>
    <ClInclude Include="src\model\L3DMesh.h">
      <Filter>Header Files\Model</Filter>
    </ClInclude>
    <ClInclude Include="src\io\LFileStruct.h">
      <Filter>Header Files\IO</Filter>
    </ClInclude>
    <ClInclude Include="src\io\LFileDef.h">
      <Filter>Header Files\IO</Filter>
    </ClInclude>
  </ItemGroup>
</Project>