// !$*UTF8*$!
{
	archiveVersion = 1;
	classes = {
	};
	objectVersion = 50;
	objects = {

/* Begin PBXBuildFile section */
		49EE95E320D9246F0071C153 /* LGLMain.cpp in Sources */ = {isa = PBXBuildFile; fileRef = 49EE95E120D9246F0071C153 /* LGLMain.cpp */; };
		49EE95E520D92C590071C153 /* libglfw.3.2.dylib in Frameworks */ = {isa = PBXBuildFile; fileRef = 49EE95E420D92C590071C153 /* libglfw.3.2.dylib */; };
		49EE95EE20D92E530071C153 /* glad.c in Sources */ = {isa = PBXBuildFile; fileRef = 49EE95ED20D92E530071C153 /* glad.c */; };
		49F33ACB20D16A95001A93F8 /* OpenGL.framework in Frameworks */ = {isa = PBXBuildFile; fileRef = 49F33ACA20D16A94001A93F8 /* OpenGL.framework */; };
/* End PBXBuildFile section */

/* Begin PBXCopyFilesBuildPhase section */
		49F33ABB20D16A7D001A93F8 /* CopyFiles */ = {
			isa = PBXCopyFilesBuildPhase;
			buildActionMask = 2147483647;
			dstPath = /usr/share/man/man1/;
			dstSubfolderSpec = 0;
			files = (
			);
			runOnlyForDeploymentPostprocessing = 1;
		};
/* End PBXCopyFilesBuildPhase section */

/* Begin PBXFileReference section */
		49EE95E120D9246F0071C153 /* LGLMain.cpp */ = {isa = PBXFileReference; lastKnownFileType = sourcecode.cpp.cpp; path = LGLMain.cpp; sourceTree = "<group>"; };
		49EE95E420D92C590071C153 /* libglfw.3.2.dylib */ = {isa = PBXFileReference; lastKnownFileType = "compiled.mach-o.dylib"; name = libglfw.3.2.dylib; path = ../../../../../usr/local/lib/libglfw.3.2.dylib; sourceTree = "<group>"; };
		49EE95ED20D92E530071C153 /* glad.c */ = {isa = PBXFileReference; fileEncoding = 4; lastKnownFileType = sourcecode.c.c; path = glad.c; sourceTree = "<group>"; };
		49EE95F120D9DB550071C153 /* khrplatform.h */ = {isa = PBXFileReference; fileEncoding = 4; lastKnownFileType = sourcecode.c.h; path = khrplatform.h; sourceTree = "<group>"; };
		49EE95F320D9DB550071C153 /* glad.h */ = {isa = PBXFileReference; fileEncoding = 4; lastKnownFileType = sourcecode.c.h; path = glad.h; sourceTree = "<group>"; };
		49EE95F520D9DB550071C153 /* glfw3.h */ = {isa = PBXFileReference; fileEncoding = 4; lastKnownFileType = sourcecode.c.h; path = glfw3.h; sourceTree = "<group>"; };
		49EE95F620D9DB550071C153 /* glfw3native.h */ = {isa = PBXFileReference; fileEncoding = 4; lastKnownFileType = sourcecode.c.h; path = glfw3native.h; sourceTree = "<group>"; };
		49EE95F920D9DB710071C153 /* khrplatform.h */ = {isa = PBXFileReference; fileEncoding = 4; lastKnownFileType = sourcecode.c.h; path = khrplatform.h; sourceTree = "<group>"; };
		49EE95FB20D9DB710071C153 /* glad.h */ = {isa = PBXFileReference; fileEncoding = 4; lastKnownFileType = sourcecode.c.h; path = glad.h; sourceTree = "<group>"; };
		49EE95FD20D9DB710071C153 /* glfw3.h */ = {isa = PBXFileReference; fileEncoding = 4; lastKnownFileType = sourcecode.c.h; path = glfw3.h; sourceTree = "<group>"; };
		49EE95FE20D9DB710071C153 /* glfw3native.h */ = {isa = PBXFileReference; fileEncoding = 4; lastKnownFileType = sourcecode.c.h; path = glfw3native.h; sourceTree = "<group>"; };
		49EE95FF20D9DB820071C153 /* Include */ = {isa = PBXFileReference; lastKnownFileType = folder; path = Include; sourceTree = "<group>"; };
		49EE960120D9DBC40071C153 /* KHR */ = {isa = PBXFileReference; lastKnownFileType = folder; name = KHR; path = Include/KHR; sourceTree = SOURCE_ROOT; };
		49EE960220D9DBC40071C153 /* glad */ = {isa = PBXFileReference; lastKnownFileType = folder; name = glad; path = Include/glad; sourceTree = SOURCE_ROOT; };
		49EE960320D9DBC40071C153 /* GLFW */ = {isa = PBXFileReference; lastKnownFileType = folder; name = GLFW; path = Include/GLFW; sourceTree = SOURCE_ROOT; };
		49F33ABD20D16A7D001A93F8 /* LOpenGL */ = {isa = PBXFileReference; explicitFileType = "compiled.mach-o.executable"; includeInIndex = 0; path = LOpenGL; sourceTree = BUILT_PRODUCTS_DIR; };
		49F33AC820D16A8E001A93F8 /* GLUT.framework */ = {isa = PBXFileReference; lastKnownFileType = wrapper.framework; name = GLUT.framework; path = System/Library/Frameworks/GLUT.framework; sourceTree = SDKROOT; };
		49F33ACA20D16A94001A93F8 /* OpenGL.framework */ = {isa = PBXFileReference; lastKnownFileType = wrapper.framework; name = OpenGL.framework; path = System/Library/Frameworks/OpenGL.framework; sourceTree = SDKROOT; };
/* End PBXFileReference section */

/* Begin PBXFrameworksBuildPhase section */
		49F33ABA20D16A7D001A93F8 /* Frameworks */ = {
			isa = PBXFrameworksBuildPhase;
			buildActionMask = 2147483647;
			files = (
				49F33ACB20D16A95001A93F8 /* OpenGL.framework in Frameworks */,
				49EE95E520D92C590071C153 /* libglfw.3.2.dylib in Frameworks */,
			);
			runOnlyForDeploymentPostprocessing = 0;
		};
/* End PBXFrameworksBuildPhase section */

/* Begin PBXGroup section */
		49EE95D920D924120071C153 /* src */ = {
			isa = PBXGroup;
			children = (
				49EE95E120D9246F0071C153 /* LGLMain.cpp */,
			);
			path = src;
			sourceTree = "<group>";
		};
		49EE95DB20D924130071C153 /* include */ = {
			isa = PBXGroup;
			children = (
			);
			path = include;
			sourceTree = "<group>";
		};
		49EE95E620D92E530071C153 /* GLAD */ = {
			isa = PBXGroup;
			children = (
				49EE95EC20D92E530071C153 /* src */,
			);
			path = GLAD;
			sourceTree = "<group>";
		};
		49EE95EC20D92E530071C153 /* src */ = {
			isa = PBXGroup;
			children = (
				49EE95ED20D92E530071C153 /* glad.c */,
			);
			path = src;
			sourceTree = "<group>";
		};
		49EE95EF20D9DB550071C153 /* Include */ = {
			isa = PBXGroup;
			children = (
				49EE95F020D9DB550071C153 /* KHR */,
				49EE95F220D9DB550071C153 /* glad */,
				49EE95F420D9DB550071C153 /* GLFW */,
			);
			path = Include;
			sourceTree = "<group>";
		};
		49EE95F020D9DB550071C153 /* KHR */ = {
			isa = PBXGroup;
			children = (
				49EE95F120D9DB550071C153 /* khrplatform.h */,
			);
			path = KHR;
			sourceTree = "<group>";
		};
		49EE95F220D9DB550071C153 /* glad */ = {
			isa = PBXGroup;
			children = (
				49EE95F320D9DB550071C153 /* glad.h */,
			);
			path = glad;
			sourceTree = "<group>";
		};
		49EE95F420D9DB550071C153 /* GLFW */ = {
			isa = PBXGroup;
			children = (
				49EE95F520D9DB550071C153 /* glfw3.h */,
				49EE95F620D9DB550071C153 /* glfw3native.h */,
			);
			path = GLFW;
			sourceTree = "<group>";
		};
		49EE95F720D9DB710071C153 /* Include */ = {
			isa = PBXGroup;
			children = (
				49EE95F820D9DB710071C153 /* KHR */,
				49EE95FA20D9DB710071C153 /* glad */,
				49EE95FC20D9DB710071C153 /* GLFW */,
			);
			path = Include;
			sourceTree = "<group>";
		};
		49EE95F820D9DB710071C153 /* KHR */ = {
			isa = PBXGroup;
			children = (
				49EE95F920D9DB710071C153 /* khrplatform.h */,
			);
			path = KHR;
			sourceTree = "<group>";
		};
		49EE95FA20D9DB710071C153 /* glad */ = {
			isa = PBXGroup;
			children = (
				49EE95FB20D9DB710071C153 /* glad.h */,
			);
			path = glad;
			sourceTree = "<group>";
		};
		49EE95FC20D9DB710071C153 /* GLFW */ = {
			isa = PBXGroup;
			children = (
				49EE95FD20D9DB710071C153 /* glfw3.h */,
				49EE95FE20D9DB710071C153 /* glfw3native.h */,
			);
			path = GLFW;
			sourceTree = "<group>";
		};
		49EE960020D9DB8E0071C153 /* Include */ = {
			isa = PBXGroup;
			children = (
				49EE960220D9DBC40071C153 /* glad */,
				49EE960320D9DBC40071C153 /* GLFW */,
				49EE960120D9DBC40071C153 /* KHR */,
			);
			name = Include;
			path = "New Group";
			sourceTree = "<group>";
		};
		49F33AB420D16A7D001A93F8 = {
			isa = PBXGroup;
			children = (
				49EE960020D9DB8E0071C153 /* Include */,
				49EE95E620D92E530071C153 /* GLAD */,
				49F33ABF20D16A7D001A93F8 /* LOpenGL */,
				49F33ABE20D16A7D001A93F8 /* Products */,
				49F33AC720D16A8E001A93F8 /* Frameworks */,
			);
			sourceTree = "<group>";
		};
		49F33ABE20D16A7D001A93F8 /* Products */ = {
			isa = PBXGroup;
			children = (
				49F33ABD20D16A7D001A93F8 /* LOpenGL */,
			);
			name = Products;
			sourceTree = "<group>";
		};
		49F33ABF20D16A7D001A93F8 /* LOpenGL */ = {
			isa = PBXGroup;
			children = (
				49EE95DB20D924130071C153 /* include */,
				49EE95D920D924120071C153 /* src */,
			);
			path = LOpenGL;
			sourceTree = "<group>";
		};
		49F33AC720D16A8E001A93F8 /* Frameworks */ = {
			isa = PBXGroup;
			children = (
				49EE95EF20D9DB550071C153 /* Include */,
				49EE95F720D9DB710071C153 /* Include */,
				49EE95FF20D9DB820071C153 /* Include */,
				49EE95E420D92C590071C153 /* libglfw.3.2.dylib */,
				49F33ACA20D16A94001A93F8 /* OpenGL.framework */,
				49F33AC820D16A8E001A93F8 /* GLUT.framework */,
			);
			name = Frameworks;
			sourceTree = "<group>";
		};
/* End PBXGroup section */

/* Begin PBXNativeTarget section */
		49F33ABC20D16A7D001A93F8 /* LOpenGL */ = {
			isa = PBXNativeTarget;
			buildConfigurationList = 49F33AC420D16A7D001A93F8 /* Build configuration list for PBXNativeTarget "LOpenGL" */;
			buildPhases = (
				49F33AB920D16A7D001A93F8 /* Sources */,
				49F33ABA20D16A7D001A93F8 /* Frameworks */,
				49F33ABB20D16A7D001A93F8 /* CopyFiles */,
			);
			buildRules = (
			);
			dependencies = (
			);
			name = LOpenGL;
			productName = LOpenGL;
			productReference = 49F33ABD20D16A7D001A93F8 /* LOpenGL */;
			productType = "com.apple.product-type.tool";
		};
/* End PBXNativeTarget section */

/* Begin PBXProject section */
		49F33AB520D16A7D001A93F8 /* Project object */ = {
			isa = PBXProject;
			attributes = {
				LastUpgradeCheck = 0940;
				ORGANIZATIONNAME = LeafMaple;
				TargetAttributes = {
					49F33ABC20D16A7D001A93F8 = {
						CreatedOnToolsVersion = 9.4;
					};
				};
			};
			buildConfigurationList = 49F33AB820D16A7D001A93F8 /* Build configuration list for PBXProject "LOpenGL" */;
			compatibilityVersion = "Xcode 9.3";
			developmentRegion = en;
			hasScannedForEncodings = 0;
			knownRegions = (
				en,
			);
			mainGroup = 49F33AB420D16A7D001A93F8;
			productRefGroup = 49F33ABE20D16A7D001A93F8 /* Products */;
			projectDirPath = "";
			projectRoot = "";
			targets = (
				49F33ABC20D16A7D001A93F8 /* LOpenGL */,
			);
		};
/* End PBXProject section */

/* Begin PBXSourcesBuildPhase section */
		49F33AB920D16A7D001A93F8 /* Sources */ = {
			isa = PBXSourcesBuildPhase;
			buildActionMask = 2147483647;
			files = (
				49EE95E320D9246F0071C153 /* LGLMain.cpp in Sources */,
				49EE95EE20D92E530071C153 /* glad.c in Sources */,
			);
			runOnlyForDeploymentPostprocessing = 0;
		};
/* End PBXSourcesBuildPhase section */

/* Begin XCBuildConfiguration section */
		49F33AC220D16A7D001A93F8 /* Debug */ = {
			isa = XCBuildConfiguration;
			buildSettings = {
				ALWAYS_SEARCH_USER_PATHS = NO;
				CLANG_ANALYZER_NONNULL = YES;
				CLANG_ANALYZER_NUMBER_OBJECT_CONVERSION = YES_AGGRESSIVE;
				CLANG_CXX_LANGUAGE_STANDARD = "gnu++14";
				CLANG_CXX_LIBRARY = "libc++";
				CLANG_ENABLE_MODULES = YES;
				CLANG_ENABLE_OBJC_ARC = YES;
				CLANG_ENABLE_OBJC_WEAK = YES;
				CLANG_WARN_BLOCK_CAPTURE_AUTORELEASING = YES;
				CLANG_WARN_BOOL_CONVERSION = YES;
				CLANG_WARN_COMMA = YES;
				CLANG_WARN_CONSTANT_CONVERSION = YES;
				CLANG_WARN_DEPRECATED_OBJC_IMPLEMENTATIONS = YES;
				CLANG_WARN_DIRECT_OBJC_ISA_USAGE = YES_ERROR;
				CLANG_WARN_DOCUMENTATION_COMMENTS = YES;
				CLANG_WARN_EMPTY_BODY = YES;
				CLANG_WARN_ENUM_CONVERSION = YES;
				CLANG_WARN_INFINITE_RECURSION = YES;
				CLANG_WARN_INT_CONVERSION = YES;
				CLANG_WARN_NON_LITERAL_NULL_CONVERSION = YES;
				CLANG_WARN_OBJC_IMPLICIT_RETAIN_SELF = YES;
				CLANG_WARN_OBJC_LITERAL_CONVERSION = YES;
				CLANG_WARN_OBJC_ROOT_CLASS = YES_ERROR;
				CLANG_WARN_RANGE_LOOP_ANALYSIS = YES;
				CLANG_WARN_STRICT_PROTOTYPES = YES;
				CLANG_WARN_SUSPICIOUS_MOVE = YES;
				CLANG_WARN_UNGUARDED_AVAILABILITY = YES_AGGRESSIVE;
				CLANG_WARN_UNREACHABLE_CODE = YES;
				CLANG_WARN__DUPLICATE_METHOD_MATCH = YES;
				CODE_SIGN_IDENTITY = "-";
				COPY_PHASE_STRIP = NO;
				DEBUG_INFORMATION_FORMAT = dwarf;
				ENABLE_STRICT_OBJC_MSGSEND = YES;
				ENABLE_TESTABILITY = YES;
				GCC_C_LANGUAGE_STANDARD = gnu11;
				GCC_DYNAMIC_NO_PIC = NO;
				GCC_NO_COMMON_BLOCKS = YES;
				GCC_OPTIMIZATION_LEVEL = 0;
				GCC_PREPROCESSOR_DEFINITIONS = (
					"DEBUG=1",
					"$(inherited)",
				);
				GCC_WARN_64_TO_32_BIT_CONVERSION = YES;
				GCC_WARN_ABOUT_RETURN_TYPE = YES_ERROR;
				GCC_WARN_UNDECLARED_SELECTOR = YES;
				GCC_WARN_UNINITIALIZED_AUTOS = YES_AGGRESSIVE;
				GCC_WARN_UNUSED_FUNCTION = YES;
				GCC_WARN_UNUSED_VARIABLE = YES;
				HEADER_SEARCH_PATHS = (
					"\"$(SRCROOT)/Include\"",
					/usr/local/include,
				);
				LIBRARY_SEARCH_PATHS = /usr/local/lib/;
				MACOSX_DEPLOYMENT_TARGET = 10.13;
				MTL_ENABLE_DEBUG_INFO = YES;
				ONLY_ACTIVE_ARCH = YES;
				SDKROOT = macosx;
			};
			name = Debug;
		};
		49F33AC320D16A7D001A93F8 /* Release */ = {
			isa = XCBuildConfiguration;
			buildSettings = {
				ALWAYS_SEARCH_USER_PATHS = NO;
				CLANG_ANALYZER_NONNULL = YES;
				CLANG_ANALYZER_NUMBER_OBJECT_CONVERSION = YES_AGGRESSIVE;
				CLANG_CXX_LANGUAGE_STANDARD = "gnu++14";
				CLANG_CXX_LIBRARY = "libc++";
				CLANG_ENABLE_MODULES = YES;
				CLANG_ENABLE_OBJC_ARC = YES;
				CLANG_ENABLE_OBJC_WEAK = YES;
				CLANG_WARN_BLOCK_CAPTURE_AUTORELEASING = YES;
				CLANG_WARN_BOOL_CONVERSION = YES;
				CLANG_WARN_COMMA = YES;
				CLANG_WARN_CONSTANT_CONVERSION = YES;
				CLANG_WARN_DEPRECATED_OBJC_IMPLEMENTATIONS = YES;
				CLANG_WARN_DIRECT_OBJC_ISA_USAGE = YES_ERROR;
				CLANG_WARN_DOCUMENTATION_COMMENTS = YES;
				CLANG_WARN_EMPTY_BODY = YES;
				CLANG_WARN_ENUM_CONVERSION = YES;
				CLANG_WARN_INFINITE_RECURSION = YES;
				CLANG_WARN_INT_CONVERSION = YES;
				CLANG_WARN_NON_LITERAL_NULL_CONVERSION = YES;
				CLANG_WARN_OBJC_IMPLICIT_RETAIN_SELF = YES;
				CLANG_WARN_OBJC_LITERAL_CONVERSION = YES;
				CLANG_WARN_OBJC_ROOT_CLASS = YES_ERROR;
				CLANG_WARN_RANGE_LOOP_ANALYSIS = YES;
				CLANG_WARN_STRICT_PROTOTYPES = YES;
				CLANG_WARN_SUSPICIOUS_MOVE = YES;
				CLANG_WARN_UNGUARDED_AVAILABILITY = YES_AGGRESSIVE;
				CLANG_WARN_UNREACHABLE_CODE = YES;
				CLANG_WARN__DUPLICATE_METHOD_MATCH = YES;
				CODE_SIGN_IDENTITY = "-";
				COPY_PHASE_STRIP = NO;
				DEBUG_INFORMATION_FORMAT = "dwarf-with-dsym";
				ENABLE_NS_ASSERTIONS = NO;
				ENABLE_STRICT_OBJC_MSGSEND = YES;
				GCC_C_LANGUAGE_STANDARD = gnu11;
				GCC_NO_COMMON_BLOCKS = YES;
				GCC_WARN_64_TO_32_BIT_CONVERSION = YES;
				GCC_WARN_ABOUT_RETURN_TYPE = YES_ERROR;
				GCC_WARN_UNDECLARED_SELECTOR = YES;
				GCC_WARN_UNINITIALIZED_AUTOS = YES_AGGRESSIVE;
				GCC_WARN_UNUSED_FUNCTION = YES;
				GCC_WARN_UNUSED_VARIABLE = YES;
				HEADER_SEARCH_PATHS = (
					"\"$(SRCROOT)/Include\"",
					/usr/local/include,
				);
				LIBRARY_SEARCH_PATHS = /usr/local/lib/;
				MACOSX_DEPLOYMENT_TARGET = 10.13;
				MTL_ENABLE_DEBUG_INFO = NO;
				SDKROOT = macosx;
			};
			name = Release;
		};
		49F33AC520D16A7D001A93F8 /* Debug */ = {
			isa = XCBuildConfiguration;
			buildSettings = {
				CODE_SIGN_STYLE = Automatic;
				PRODUCT_NAME = "$(TARGET_NAME)";
			};
			name = Debug;
		};
		49F33AC620D16A7D001A93F8 /* Release */ = {
			isa = XCBuildConfiguration;
			buildSettings = {
				CODE_SIGN_STYLE = Automatic;
				PRODUCT_NAME = "$(TARGET_NAME)";
			};
			name = Release;
		};
/* End XCBuildConfiguration section */

/* Begin XCConfigurationList section */
		49F33AB820D16A7D001A93F8 /* Build configuration list for PBXProject "LOpenGL" */ = {
			isa = XCConfigurationList;
			buildConfigurations = (
				49F33AC220D16A7D001A93F8 /* Debug */,
				49F33AC320D16A7D001A93F8 /* Release */,
			);
			defaultConfigurationIsVisible = 0;
			defaultConfigurationName = Release;
		};
		49F33AC420D16A7D001A93F8 /* Build configuration list for PBXNativeTarget "LOpenGL" */ = {
			isa = XCConfigurationList;
			buildConfigurations = (
				49F33AC520D16A7D001A93F8 /* Debug */,
				49F33AC620D16A7D001A93F8 /* Release */,
			);
			defaultConfigurationIsVisible = 0;
			defaultConfigurationName = Release;
		};
/* End XCConfigurationList section */
	};
	rootObject = 49F33AB520D16A7D001A93F8 /* Project object */;
}
